
Microsoft Visual Studio Solution File, Format Version 12.00
# Visual Studio Version 16
VisualStudioVersion = 16.0.29306.81
MinimumVisualStudioVersion = 10.0.40219.1
Project("{9A19103F-16F7-4668-BE54-9A1E7A4F7556}") = "Victor.Base", "Base\Victor.Base\Victor.Base.csproj", "{F51E4C71-0EC7-43BF-B095-09BFE6271F52}"
EndProject
Project("{2150E333-8FDC-42A3-9474-1A3956D46DE8}") = "Base", "Base", "{B14CB18F-3BDE-4675-B707-4CA6A90E5DAD}"
EndProject
Project("{2150E333-8FDC-42A3-9474-1A3956D46DE8}") = "Loggers", "Loggers", "{52CC15C1-BE60-4C70-B873-3FD503CAE2AB}"
EndProject
Project("{9A19103F-16F7-4668-BE54-9A1E7A4F7556}") = "Victor.Logger.Serilog", "Loggers\Victor.Logger.Serilog\Victor.Logger.Serilog.csproj", "{DFF517DB-56F0-458C-BF41-A06B7CEBAAEB}"
EndProject
Project("{2150E333-8FDC-42A3-9474-1A3956D46DE8}") = "ASR", "ASR", "{5CCC9E1B-7361-418B-8ABD-88BB23FC54E5}"
EndProject
Project("{9A19103F-16F7-4668-BE54-9A1E7A4F7556}") = "Victor.ASR.Julius", "ASR\Victor.ASR.Julius\Victor.ASR.Julius.csproj", "{119CECF0-5164-4846-BFEB-072A747FB4DF}"
EndProject
Project("{2150E333-8FDC-42A3-9474-1A3956D46DE8}") = "Interfaces", "Interfaces", "{56C38E81-9947-4E4C-A833-CD7B191D34BE}"
EndProject
Project("{9A19103F-16F7-4668-BE54-9A1E7A4F7556}") = "Victor.CLI", "Interfaces\Victor.CLI\Victor.CLI.csproj", "{78AD50CD-9994-4AFC-8BE4-A0D071D69E0C}"
EndProject
Project("{2150E333-8FDC-42A3-9474-1A3956D46DE8}") = "Tests", "Tests", "{9BCBB3CA-0ADC-4A7B-81C4-396CE1BDA685}"
EndProject
Project("{9A19103F-16F7-4668-BE54-9A1E7A4F7556}") = "Victor.Tests.Base", "..\tests\Victor.Tests.Base\Victor.Tests.Base.csproj", "{67705D8A-F21F-44A0-83B2-C0684440A008}"
EndProject
Project("{2150E333-8FDC-42A3-9474-1A3956D46DE8}") = "Interop", "Interop", "{001C306B-CF92-4EA4-8E96-C9E5449E1E83}"
EndProject
Project("{9A19103F-16F7-4668-BE54-9A1E7A4F7556}") = "Victor.Interop.Windows", "Interop\Victor.Interop.Windows\Victor.Interop.Windows.csproj", "{01E5F484-F774-4279-9ED2-167009B16673}"
EndProject
Project("{2150E333-8FDC-42A3-9474-1A3956D46DE8}") = "Audio", "Audio", "{362DD365-90F1-4344-ACDB-43D6E4CF24B0}"
EndProject
Project("{9A19103F-16F7-4668-BE54-9A1E7A4F7556}") = "Victor.Tests.Julius", "..\tests\Victor.Tests.Julius\Victor.Tests.Julius.csproj", "{D3F3BE05-8F4A-49DE-AFC6-B8D7A502E60E}"
EndProject
Project("{9A19103F-16F7-4668-BE54-9A1E7A4F7556}") = "Victor.Audio.Windows.WaveInRecorder", "Audio\Victor.Audio.Windows.WaveInRecorder\Victor.Audio.Windows.WaveInRecorder.csproj", "{761627B7-52DB-4953-A24E-2D2D6519240D}"
EndProject
Project("{2150E333-8FDC-42A3-9474-1A3956D46DE8}") = "NLU", "NLU", "{4D5197B4-E735-441A-8980-023FD450CDF8}"
EndProject
Project("{9A19103F-16F7-4668-BE54-9A1E7A4F7556}") = "Victor.NLU.Snips", "NLU\Victor.NLU.Snips\Victor.NLU.Snips.csproj", "{BCE43139-AA67-4A9A-B0DE-7BD20386754B}"
EndProject
Project("{2150E333-8FDC-42A3-9474-1A3956D46DE8}") = "TTS", "TTS", "{1A9CD243-0B95-49D8-9A69-F39E5684431C}"
EndProject
Project("{9A19103F-16F7-4668-BE54-9A1E7A4F7556}") = "Victor.TTS.Mimic", "TTS\Victor.TTS.Mimic\Victor.TTS.Mimic.csproj", "{A1E9049D-1F89-4475-8229-1FBC9AF6F212}"
EndProject
Project("{9A19103F-16F7-4668-BE54-9A1E7A4F7556}") = "Victor.Tests.Mimic", "..\tests\Victor.Tests.Mimic\Victor.Tests.Mimic.csproj", "{9EB7FEAE-699A-450B-ABCF-13407005D0B4}"
EndProject
Project("{9A19103F-16F7-4668-BE54-9A1E7A4F7556}") = "libsoundio-sharp", "..\ext\libsoundio-sharp\dotnetcore\libsoundio-sharp\libsoundio-sharp.csproj", "{48774F98-7704-4A32-A376-4706D649F0AD}"
EndProject
Project("{9A19103F-16F7-4668-BE54-9A1E7A4F7556}") = "libsoundio-sharp.Tests", "..\ext\libsoundio-sharp\dotnetcore\libsoundio-sharp.Tests\libsoundio-sharp.Tests.csproj", "{C28CDB5A-3BF3-48DE-8158-193EABD1DF90}"
EndProject
Project("{2150E333-8FDC-42A3-9474-1A3956D46DE8}") = "CUI", "CUI", "{0D85527C-44EE-499A-8024-402349632FA6}"
EndProject
Project("{9A19103F-16F7-4668-BE54-9A1E7A4F7556}") = "Victor.CUI.Vish", "CUI\Vish\Victor.CUI.Vish.csproj", "{8B3AEC2C-231F-4206-968F-C670C737B092}"
EndProject
Project("{2150E333-8FDC-42A3-9474-1A3956D46DE8}") = "Web", "Web", "{8C1F01DA-81E8-4498-82AB-A33F2DA25098}"
EndProject
Project("{9A19103F-16F7-4668-BE54-9A1E7A4F7556}") = "Victor.Web.Browser", "Web\Victor.Web.Browser\Victor.Web.Browser.csproj", "{2B50BFC3-B9AF-4C06-B43E-407AD787C3AD}"
EndProject
Project("{2150E333-8FDC-42A3-9474-1A3956D46DE8}") = "External", "External", "{F2F87D32-B89C-4194-A03C-37C033BD306F}"
EndProject
Project("{9A19103F-16F7-4668-BE54-9A1E7A4F7556}") = "BrowseSharp", "..\ext\BrowserSharp\BrowseSharp\BrowseSharp.csproj", "{9EFEAE21-9A97-4D1F-BCAA-17830A828DD9}"
EndProject
Project("{2150E333-8FDC-42A3-9474-1A3956D46DE8}") = "BrowserSharp", "BrowserSharp", "{C38D4365-7DF2-4A19-B64A-8F15BA1128C5}"
EndProject
Project("{9A19103F-16F7-4668-BE54-9A1E7A4F7556}") = "BrowseSharp.Common", "..\ext\BrowserSharp\BrowseSharp.Common\BrowseSharp.Common.csproj", "{2B48C906-A55C-467E-A6D7-AB59366E7243}"
EndProject
Project("{2150E333-8FDC-42A3-9474-1A3956D46DE8}") = "Servers", "Servers", "{A99C6858-97C0-4E06-9C25-02472DCB723E}"
EndProject
Project("{9A19103F-16F7-4668-BE54-9A1E7A4F7556}") = "Victor.Server.WebUI", "Servers\WebUI\Victor.Server.WebUI.csproj", "{20259F9B-812A-460A-81E8-7C316B6C5020}"
EndProject
Project("{9A19103F-16F7-4668-BE54-9A1E7A4F7556}") = "Victor.Server.WebAPI", "Servers\WebAPI\Victor.Server.WebAPI.csproj", "{CDE3C9FB-9023-436D-B186-290889FAB151}"
EndProject
Project("{9A19103F-16F7-4668-BE54-9A1E7A4F7556}") = "Victor.CUI.EDDI", "CUI\Victor.CUI.EDDI\Victor.CUI.EDDI.csproj", "{2032B824-F31D-40A8-A581-9C479DA7CEC7}"
EndProject
Project("{9A19103F-16F7-4668-BE54-9A1E7A4F7556}") = "Victor.Tests.EDDI", "..\tests\Victor.Tests.EDDI\Victor.Tests.EDDI.csproj", "{8292F11F-F81C-4C83-8E4A-87EC3ADFA60F}"
EndProject
Project("{9A19103F-16F7-4668-BE54-9A1E7A4F7556}") = "Victor.Server.NLU", "Servers\NLU\Victor.Server.NLU.csproj", "{1ED05B11-A579-4E64-A5E4-D25D4AB8B08E}"
EndProject
Project("{9A19103F-16F7-4668-BE54-9A1E7A4F7556}") = "Victor.CUI.RHDM", "CUI\Victor.CUI.RHDM\Victor.CUI.RHDM.csproj", "{BC85F6B1-905E-42F5-AB49-8206BFA00D20}"
EndProject
Project("{9A19103F-16F7-4668-BE54-9A1E7A4F7556}") = "Victor.Tests.RHDM", "..\tests\Victor.Tests.RHDM\Victor.Tests.RHDM.csproj", "{2F3D7FA1-453E-442D-AA66-89993109EF15}"
EndProject
Project("{9A19103F-16F7-4668-BE54-9A1E7A4F7556}") = "Victor.Tests.SnipsNLU", "..\tests\Victor.Tests.SnipsNLU\Victor.Tests.SnipsNLU.csproj", "{8C0493E5-F2DC-4B6F-AE8E-92CC1F5956F6}"
EndProject
Project("{888888A0-9F3D-457C-B088-3A5042F75D52}") = "Victor.NLU.Snips.Train", "NLU\Victor.NLU.Snips.Train\Victor.NLU.Snips.Train.pyproj", "{F5E86903-20D5-4139-A198-4745AF12B9DA}"
EndProject
Global
	GlobalSection(SolutionConfigurationPlatforms) = preSolution
		Debug|Any CPU = Debug|Any CPU
		Release|Any CPU = Release|Any CPU
	EndGlobalSection
	GlobalSection(ProjectConfigurationPlatforms) = postSolution
		{F51E4C71-0EC7-43BF-B095-09BFE6271F52}.Debug|Any CPU.ActiveCfg = Debug|Any CPU
		{F51E4C71-0EC7-43BF-B095-09BFE6271F52}.Debug|Any CPU.Build.0 = Debug|Any CPU
		{F51E4C71-0EC7-43BF-B095-09BFE6271F52}.Release|Any CPU.ActiveCfg = Release|Any CPU
		{F51E4C71-0EC7-43BF-B095-09BFE6271F52}.Release|Any CPU.Build.0 = Release|Any CPU
		{DFF517DB-56F0-458C-BF41-A06B7CEBAAEB}.Debug|Any CPU.ActiveCfg = Debug|Any CPU
		{DFF517DB-56F0-458C-BF41-A06B7CEBAAEB}.Debug|Any CPU.Build.0 = Debug|Any CPU
		{DFF517DB-56F0-458C-BF41-A06B7CEBAAEB}.Release|Any CPU.ActiveCfg = Release|Any CPU
		{DFF517DB-56F0-458C-BF41-A06B7CEBAAEB}.Release|Any CPU.Build.0 = Release|Any CPU
		{119CECF0-5164-4846-BFEB-072A747FB4DF}.Debug|Any CPU.ActiveCfg = Debug|Any CPU
		{119CECF0-5164-4846-BFEB-072A747FB4DF}.Debug|Any CPU.Build.0 = Debug|Any CPU
		{119CECF0-5164-4846-BFEB-072A747FB4DF}.Release|Any CPU.ActiveCfg = Release|Any CPU
		{119CECF0-5164-4846-BFEB-072A747FB4DF}.Release|Any CPU.Build.0 = Release|Any CPU
		{78AD50CD-9994-4AFC-8BE4-A0D071D69E0C}.Debug|Any CPU.ActiveCfg = Debug|Any CPU
		{78AD50CD-9994-4AFC-8BE4-A0D071D69E0C}.Debug|Any CPU.Build.0 = Debug|Any CPU
		{78AD50CD-9994-4AFC-8BE4-A0D071D69E0C}.Release|Any CPU.ActiveCfg = Release|Any CPU
		{78AD50CD-9994-4AFC-8BE4-A0D071D69E0C}.Release|Any CPU.Build.0 = Release|Any CPU
		{67705D8A-F21F-44A0-83B2-C0684440A008}.Debug|Any CPU.ActiveCfg = Debug|Any CPU
		{67705D8A-F21F-44A0-83B2-C0684440A008}.Debug|Any CPU.Build.0 = Debug|Any CPU
		{67705D8A-F21F-44A0-83B2-C0684440A008}.Release|Any CPU.ActiveCfg = Release|Any CPU
		{67705D8A-F21F-44A0-83B2-C0684440A008}.Release|Any CPU.Build.0 = Release|Any CPU
		{01E5F484-F774-4279-9ED2-167009B16673}.Debug|Any CPU.ActiveCfg = Debug|Any CPU
		{01E5F484-F774-4279-9ED2-167009B16673}.Debug|Any CPU.Build.0 = Debug|Any CPU
		{01E5F484-F774-4279-9ED2-167009B16673}.Release|Any CPU.ActiveCfg = Release|Any CPU
		{01E5F484-F774-4279-9ED2-167009B16673}.Release|Any CPU.Build.0 = Release|Any CPU
		{D3F3BE05-8F4A-49DE-AFC6-B8D7A502E60E}.Debug|Any CPU.ActiveCfg = Debug|Any CPU
		{D3F3BE05-8F4A-49DE-AFC6-B8D7A502E60E}.Debug|Any CPU.Build.0 = Debug|Any CPU
		{D3F3BE05-8F4A-49DE-AFC6-B8D7A502E60E}.Release|Any CPU.ActiveCfg = Release|Any CPU
		{D3F3BE05-8F4A-49DE-AFC6-B8D7A502E60E}.Release|Any CPU.Build.0 = Release|Any CPU
		{761627B7-52DB-4953-A24E-2D2D6519240D}.Debug|Any CPU.ActiveCfg = Debug|Any CPU
		{761627B7-52DB-4953-A24E-2D2D6519240D}.Debug|Any CPU.Build.0 = Debug|Any CPU
		{761627B7-52DB-4953-A24E-2D2D6519240D}.Release|Any CPU.ActiveCfg = Release|Any CPU
		{761627B7-52DB-4953-A24E-2D2D6519240D}.Release|Any CPU.Build.0 = Release|Any CPU
		{BCE43139-AA67-4A9A-B0DE-7BD20386754B}.Debug|Any CPU.ActiveCfg = Debug|Any CPU
		{BCE43139-AA67-4A9A-B0DE-7BD20386754B}.Debug|Any CPU.Build.0 = Debug|Any CPU
		{BCE43139-AA67-4A9A-B0DE-7BD20386754B}.Release|Any CPU.ActiveCfg = Release|Any CPU
		{BCE43139-AA67-4A9A-B0DE-7BD20386754B}.Release|Any CPU.Build.0 = Release|Any CPU
		{A1E9049D-1F89-4475-8229-1FBC9AF6F212}.Debug|Any CPU.ActiveCfg = Debug|Any CPU
		{A1E9049D-1F89-4475-8229-1FBC9AF6F212}.Debug|Any CPU.Build.0 = Debug|Any CPU
		{A1E9049D-1F89-4475-8229-1FBC9AF6F212}.Release|Any CPU.ActiveCfg = Release|Any CPU
		{A1E9049D-1F89-4475-8229-1FBC9AF6F212}.Release|Any CPU.Build.0 = Release|Any CPU
		{9EB7FEAE-699A-450B-ABCF-13407005D0B4}.Debug|Any CPU.ActiveCfg = Debug|Any CPU
		{9EB7FEAE-699A-450B-ABCF-13407005D0B4}.Debug|Any CPU.Build.0 = Debug|Any CPU
		{9EB7FEAE-699A-450B-ABCF-13407005D0B4}.Release|Any CPU.ActiveCfg = Release|Any CPU
		{9EB7FEAE-699A-450B-ABCF-13407005D0B4}.Release|Any CPU.Build.0 = Release|Any CPU
		{48774F98-7704-4A32-A376-4706D649F0AD}.Debug|Any CPU.ActiveCfg = Debug|Any CPU
		{48774F98-7704-4A32-A376-4706D649F0AD}.Debug|Any CPU.Build.0 = Debug|Any CPU
		{48774F98-7704-4A32-A376-4706D649F0AD}.Release|Any CPU.ActiveCfg = Release|Any CPU
		{48774F98-7704-4A32-A376-4706D649F0AD}.Release|Any CPU.Build.0 = Release|Any CPU
		{C28CDB5A-3BF3-48DE-8158-193EABD1DF90}.Debug|Any CPU.ActiveCfg = Debug|Any CPU
		{C28CDB5A-3BF3-48DE-8158-193EABD1DF90}.Debug|Any CPU.Build.0 = Debug|Any CPU
		{C28CDB5A-3BF3-48DE-8158-193EABD1DF90}.Release|Any CPU.ActiveCfg = Release|Any CPU
		{C28CDB5A-3BF3-48DE-8158-193EABD1DF90}.Release|Any CPU.Build.0 = Release|Any CPU
		{8B3AEC2C-231F-4206-968F-C670C737B092}.Debug|Any CPU.ActiveCfg = Debug|Any CPU
		{8B3AEC2C-231F-4206-968F-C670C737B092}.Debug|Any CPU.Build.0 = Debug|Any CPU
		{8B3AEC2C-231F-4206-968F-C670C737B092}.Release|Any CPU.ActiveCfg = Release|Any CPU
		{8B3AEC2C-231F-4206-968F-C670C737B092}.Release|Any CPU.Build.0 = Release|Any CPU
		{2B50BFC3-B9AF-4C06-B43E-407AD787C3AD}.Debug|Any CPU.ActiveCfg = Debug|Any CPU
		{2B50BFC3-B9AF-4C06-B43E-407AD787C3AD}.Debug|Any CPU.Build.0 = Debug|Any CPU
		{2B50BFC3-B9AF-4C06-B43E-407AD787C3AD}.Release|Any CPU.ActiveCfg = Release|Any CPU
		{2B50BFC3-B9AF-4C06-B43E-407AD787C3AD}.Release|Any CPU.Build.0 = Release|Any CPU
		{9EFEAE21-9A97-4D1F-BCAA-17830A828DD9}.Debug|Any CPU.ActiveCfg = Debug|Any CPU
		{9EFEAE21-9A97-4D1F-BCAA-17830A828DD9}.Debug|Any CPU.Build.0 = Debug|Any CPU
		{9EFEAE21-9A97-4D1F-BCAA-17830A828DD9}.Release|Any CPU.ActiveCfg = Release|Any CPU
		{9EFEAE21-9A97-4D1F-BCAA-17830A828DD9}.Release|Any CPU.Build.0 = Release|Any CPU
		{2B48C906-A55C-467E-A6D7-AB59366E7243}.Debug|Any CPU.ActiveCfg = Debug|Any CPU
		{2B48C906-A55C-467E-A6D7-AB59366E7243}.Debug|Any CPU.Build.0 = Debug|Any CPU
		{2B48C906-A55C-467E-A6D7-AB59366E7243}.Release|Any CPU.ActiveCfg = Release|Any CPU
		{2B48C906-A55C-467E-A6D7-AB59366E7243}.Release|Any CPU.Build.0 = Release|Any CPU
		{20259F9B-812A-460A-81E8-7C316B6C5020}.Debug|Any CPU.ActiveCfg = Debug|Any CPU
		{20259F9B-812A-460A-81E8-7C316B6C5020}.Debug|Any CPU.Build.0 = Debug|Any CPU
		{20259F9B-812A-460A-81E8-7C316B6C5020}.Release|Any CPU.ActiveCfg = Release|Any CPU
		{20259F9B-812A-460A-81E8-7C316B6C5020}.Release|Any CPU.Build.0 = Release|Any CPU
		{CDE3C9FB-9023-436D-B186-290889FAB151}.Debug|Any CPU.ActiveCfg = Debug|Any CPU
		{CDE3C9FB-9023-436D-B186-290889FAB151}.Debug|Any CPU.Build.0 = Debug|Any CPU
		{CDE3C9FB-9023-436D-B186-290889FAB151}.Release|Any CPU.ActiveCfg = Release|Any CPU
		{CDE3C9FB-9023-436D-B186-290889FAB151}.Release|Any CPU.Build.0 = Release|Any CPU
		{2032B824-F31D-40A8-A581-9C479DA7CEC7}.Debug|Any CPU.ActiveCfg = Debug|Any CPU
		{2032B824-F31D-40A8-A581-9C479DA7CEC7}.Debug|Any CPU.Build.0 = Debug|Any CPU
		{2032B824-F31D-40A8-A581-9C479DA7CEC7}.Release|Any CPU.ActiveCfg = Release|Any CPU
		{2032B824-F31D-40A8-A581-9C479DA7CEC7}.Release|Any CPU.Build.0 = Release|Any CPU
		{8292F11F-F81C-4C83-8E4A-87EC3ADFA60F}.Debug|Any CPU.ActiveCfg = Debug|Any CPU
		{8292F11F-F81C-4C83-8E4A-87EC3ADFA60F}.Debug|Any CPU.Build.0 = Debug|Any CPU
		{8292F11F-F81C-4C83-8E4A-87EC3ADFA60F}.Release|Any CPU.ActiveCfg = Release|Any CPU
		{8292F11F-F81C-4C83-8E4A-87EC3ADFA60F}.Release|Any CPU.Build.0 = Release|Any CPU
		{1ED05B11-A579-4E64-A5E4-D25D4AB8B08E}.Debug|Any CPU.ActiveCfg = Debug|Any CPU
		{1ED05B11-A579-4E64-A5E4-D25D4AB8B08E}.Debug|Any CPU.Build.0 = Debug|Any CPU
		{1ED05B11-A579-4E64-A5E4-D25D4AB8B08E}.Release|Any CPU.ActiveCfg = Release|Any CPU
		{1ED05B11-A579-4E64-A5E4-D25D4AB8B08E}.Release|Any CPU.Build.0 = Release|Any CPU
		{BC85F6B1-905E-42F5-AB49-8206BFA00D20}.Debug|Any CPU.ActiveCfg = Debug|Any CPU
		{BC85F6B1-905E-42F5-AB49-8206BFA00D20}.Debug|Any CPU.Build.0 = Debug|Any CPU
		{BC85F6B1-905E-42F5-AB49-8206BFA00D20}.Release|Any CPU.ActiveCfg = Release|Any CPU
		{BC85F6B1-905E-42F5-AB49-8206BFA00D20}.Release|Any CPU.Build.0 = Release|Any CPU
		{2F3D7FA1-453E-442D-AA66-89993109EF15}.Debug|Any CPU.ActiveCfg = Debug|Any CPU
		{2F3D7FA1-453E-442D-AA66-89993109EF15}.Debug|Any CPU.Build.0 = Debug|Any CPU
		{2F3D7FA1-453E-442D-AA66-89993109EF15}.Release|Any CPU.ActiveCfg = Release|Any CPU
		{2F3D7FA1-453E-442D-AA66-89993109EF15}.Release|Any CPU.Build.0 = Release|Any CPU
		{8C0493E5-F2DC-4B6F-AE8E-92CC1F5956F6}.Debug|Any CPU.ActiveCfg = Debug|Any CPU
		{8C0493E5-F2DC-4B6F-AE8E-92CC1F5956F6}.Debug|Any CPU.Build.0 = Debug|Any CPU
		{8C0493E5-F2DC-4B6F-AE8E-92CC1F5956F6}.Release|Any CPU.ActiveCfg = Release|Any CPU
		{8C0493E5-F2DC-4B6F-AE8E-92CC1F5956F6}.Release|Any CPU.Build.0 = Release|Any CPU
		{F5E86903-20D5-4139-A198-4745AF12B9DA}.Debug|Any CPU.ActiveCfg = Debug|Any CPU
		{F5E86903-20D5-4139-A198-4745AF12B9DA}.Release|Any CPU.ActiveCfg = Release|Any CPU
	EndGlobalSection
	GlobalSection(SolutionProperties) = preSolution
		HideSolutionNode = FALSE
	EndGlobalSection
	GlobalSection(NestedProjects) = preSolution
		{F51E4C71-0EC7-43BF-B095-09BFE6271F52} = {B14CB18F-3BDE-4675-B707-4CA6A90E5DAD}
		{DFF517DB-56F0-458C-BF41-A06B7CEBAAEB} = {52CC15C1-BE60-4C70-B873-3FD503CAE2AB}
		{119CECF0-5164-4846-BFEB-072A747FB4DF} = {5CCC9E1B-7361-418B-8ABD-88BB23FC54E5}
		{78AD50CD-9994-4AFC-8BE4-A0D071D69E0C} = {56C38E81-9947-4E4C-A833-CD7B191D34BE}
		{67705D8A-F21F-44A0-83B2-C0684440A008} = {9BCBB3CA-0ADC-4A7B-81C4-396CE1BDA685}
		{01E5F484-F774-4279-9ED2-167009B16673} = {001C306B-CF92-4EA4-8E96-C9E5449E1E83}
		{D3F3BE05-8F4A-49DE-AFC6-B8D7A502E60E} = {9BCBB3CA-0ADC-4A7B-81C4-396CE1BDA685}
		{761627B7-52DB-4953-A24E-2D2D6519240D} = {362DD365-90F1-4344-ACDB-43D6E4CF24B0}
		{BCE43139-AA67-4A9A-B0DE-7BD20386754B} = {4D5197B4-E735-441A-8980-023FD450CDF8}
		{A1E9049D-1F89-4475-8229-1FBC9AF6F212} = {1A9CD243-0B95-49D8-9A69-F39E5684431C}
		{9EB7FEAE-699A-450B-ABCF-13407005D0B4} = {9BCBB3CA-0ADC-4A7B-81C4-396CE1BDA685}
		{48774F98-7704-4A32-A376-4706D649F0AD} = {F2F87D32-B89C-4194-A03C-37C033BD306F}
		{C28CDB5A-3BF3-48DE-8158-193EABD1DF90} = {9BCBB3CA-0ADC-4A7B-81C4-396CE1BDA685}
		{8B3AEC2C-231F-4206-968F-C670C737B092} = {0D85527C-44EE-499A-8024-402349632FA6}
		{2B50BFC3-B9AF-4C06-B43E-407AD787C3AD} = {8C1F01DA-81E8-4498-82AB-A33F2DA25098}
		{9EFEAE21-9A97-4D1F-BCAA-17830A828DD9} = {C38D4365-7DF2-4A19-B64A-8F15BA1128C5}
		{C38D4365-7DF2-4A19-B64A-8F15BA1128C5} = {F2F87D32-B89C-4194-A03C-37C033BD306F}
		{2B48C906-A55C-467E-A6D7-AB59366E7243} = {C38D4365-7DF2-4A19-B64A-8F15BA1128C5}
		{20259F9B-812A-460A-81E8-7C316B6C5020} = {A99C6858-97C0-4E06-9C25-02472DCB723E}
		{CDE3C9FB-9023-436D-B186-290889FAB151} = {A99C6858-97C0-4E06-9C25-02472DCB723E}
		{2032B824-F31D-40A8-A581-9C479DA7CEC7} = {0D85527C-44EE-499A-8024-402349632FA6}
		{8292F11F-F81C-4C83-8E4A-87EC3ADFA60F} = {9BCBB3CA-0ADC-4A7B-81C4-396CE1BDA685}
		{1ED05B11-A579-4E64-A5E4-D25D4AB8B08E} = {A99C6858-97C0-4E06-9C25-02472DCB723E}
		{BC85F6B1-905E-42F5-AB49-8206BFA00D20} = {0D85527C-44EE-499A-8024-402349632FA6}
		{2F3D7FA1-453E-442D-AA66-89993109EF15} = {9BCBB3CA-0ADC-4A7B-81C4-396CE1BDA685}
		{8C0493E5-F2DC-4B6F-AE8E-92CC1F5956F6} = {9BCBB3CA-0ADC-4A7B-81C4-396CE1BDA685}
		{F5E86903-20D5-4139-A198-4745AF12B9DA} = {4D5197B4-E735-441A-8980-023FD450CDF8}
	EndGlobalSection
	GlobalSection(ExtensibilityGlobals) = postSolution
		SolutionGuid = {CC5685EE-DB95-4277-8DB7-6FA4A8FD811D}
	EndGlobalSection
EndGlobal
